
Microsoft Visual Studio Solution File, Format Version 12.00
# Visual Studio Version 16
VisualStudioVersion = 16.0.29306.81
MinimumVisualStudioVersion = 10.0.40219.1
Project("{FAE04EC0-301F-11D3-BF4B-00C04F79EFBC}") = "JTSK.Android", "JTSK.Android\JTSK.Android.csproj", "{3757E24F-958A-464A-AF6B-FBEBBE5B83A3}"
EndProject
Project("{FAE04EC0-301F-11D3-BF4B-00C04F79EFBC}") = "JTSK", "JTSK\JTSK.csproj", "{4BBCDDCD-F6C7-46FB-AA31-411B2D829859}"
EndProject
Global
	GlobalSection(SolutionConfigurationPlatforms) = preSolution
		Debug|Any CPU = Debug|Any CPU
		Release|Any CPU = Release|Any CPU
	EndGlobalSection
	GlobalSection(ProjectConfigurationPlatforms) = postSolution
		{3757E24F-958A-464A-AF6B-FBEBBE5B83A3}.Debug|Any CPU.ActiveCfg = Debug|Any CPU
		{3757E24F-958A-464A-AF6B-FBEBBE5B83A3}.Debug|Any CPU.Build.0 = Debug|Any CPU
		{3757E24F-958A-464A-AF6B-FBEBBE5B83A3}.Debug|Any CPU.Deploy.0 = Debug|Any CPU
		{3757E24F-958A-464A-AF6B-FBEBBE5B83A3}.Release|Any CPU.ActiveCfg = Release|Any CPU
		{3757E24F-958A-464A-AF6B-FBEBBE5B83A3}.Release|Any CPU.Build.0 = Release|Any CPU
		{3757E24F-958A-464A-AF6B-FBEBBE5B83A3}.Release|Any CPU.Deploy.0 = Release|Any CPU
		{4BBCDDCD-F6C7-46FB-AA31-411B2D829859}.Debug|Any CPU.ActiveCfg = Debug|Any CPU
		{4BBCDDCD-F6C7-46FB-AA31-411B2D829859}.Debug|Any CPU.Build.0 = Debug|Any CPU
		{4BBCDDCD-F6C7-46FB-AA31-411B2D829859}.Debug|Any CPU.Deploy.0 = Debug|Any CPU
		{4BBCDDCD-F6C7-46FB-AA31-411B2D829859}.Release|Any CPU.ActiveCfg = Release|Any CPU
		{4BBCDDCD-F6C7-46FB-AA31-411B2D829859}.Release|Any CPU.Build.0 = Release|Any CPU
		{4BBCDDCD-F6C7-46FB-AA31-411B2D829859}.Release|Any CPU.Deploy.0 = Release|Any CPU
	EndGlobalSection
	GlobalSection(SolutionProperties) = preSolution
		HideSolutionNode = FALSE
	EndGlobalSection
	GlobalSection(ExtensibilityGlobals) = postSolution
		SolutionGuid = {EE1F43A7-B1C5-460A-9249-840328CA8203}
	EndGlobalSection
EndGlobal
